
Microsoft Visual Studio Solution File, Format Version 12.00
# Visual Studio Version 17
VisualStudioVersion = 17.7.34024.191
MinimumVisualStudioVersion = 10.0.40219.1
Project("{8BC9CEB8-8B4A-11D0-8D11-00A0C91BC942}") = "pr2", "pr2\pr2.vcxproj", "{1B940C6A-9E5C-4D80-90EA-E0DCD44B15F7}"
EndProject
Global
	GlobalSection(SolutionConfigurationPlatforms) = preSolution
		Debug|x64 = Debug|x64
		Debug|x86 = Debug|x86
		Release|x64 = Release|x64
		Release|x86 = Release|x86
	EndGlobalSection
	GlobalSection(ProjectConfigurationPlatforms) = postSolution
		{1B940C6A-9E5C-4D80-90EA-E0DCD44B15F7}.Debug|x64.ActiveCfg = Debug|x64
		{1B940C6A-9E5C-4D80-90EA-E0DCD44B15F7}.Debug|x64.Build.0 = Debug|x64
		{1B940C6A-9E5C-4D80-90EA-E0DCD44B15F7}.Debug|x86.ActiveCfg = Debug|Win32
		{1B940C6A-9E5C-4D80-90EA-E0DCD44B15F7}.Debug|x86.Build.0 = Debug|Win32
		{1B940C6A-9E5C-4D80-90EA-E0DCD44B15F7}.Release|x64.ActiveCfg = Release|x64
		{1B940C6A-9E5C-4D80-90EA-E0DCD44B15F7}.Release|x64.Build.0 = Release|x64
		{1B940C6A-9E5C-4D80-90EA-E0DCD44B15F7}.Release|x86.ActiveCfg = Release|Win32
		{1B940C6A-9E5C-4D80-90EA-E0DCD44B15F7}.Release|x86.Build.0 = Release|Win32
	EndGlobalSection
	GlobalSection(SolutionProperties) = preSolution
		HideSolutionNode = FALSE
	EndGlobalSection
	GlobalSection(ExtensibilityGlobals) = postSolution
		SolutionGuid = {C64A3BAA-0557-4F1A-B4C7-CDCA63DDA9D7}
	EndGlobalSection
EndGlobal
